
Microsoft Visual Studio Solution File, Format Version 12.00
# Visual Studio Version 16
VisualStudioVersion = 16.0.29728.190
MinimumVisualStudioVersion = 10.0.40219.1
Project("{FAE04EC0-301F-11D3-BF4B-00C04F79EFBC}") = "PlayingCardLib", "PlayingCardLib\PlayingCardLib.csproj", "{6F480A53-DF98-40C1-BFB6-2FBF3719891C}"
EndProject
Global
	GlobalSection(SolutionConfigurationPlatforms) = preSolution
		Debug|Any CPU = Debug|Any CPU
		Release|Any CPU = Release|Any CPU
	EndGlobalSection
	GlobalSection(ProjectConfigurationPlatforms) = postSolution
		{6F480A53-DF98-40C1-BFB6-2FBF3719891C}.Debug|Any CPU.ActiveCfg = Debug|Any CPU
		{6F480A53-DF98-40C1-BFB6-2FBF3719891C}.Debug|Any CPU.Build.0 = Debug|Any CPU
		{6F480A53-DF98-40C1-BFB6-2FBF3719891C}.Release|Any CPU.ActiveCfg = Release|Any CPU
		{6F480A53-DF98-40C1-BFB6-2FBF3719891C}.Release|Any CPU.Build.0 = Release|Any CPU
	EndGlobalSection
	GlobalSection(SolutionProperties) = preSolution
		HideSolutionNode = FALSE
	EndGlobalSection
	GlobalSection(ExtensibilityGlobals) = postSolution
		SolutionGuid = {9323FECD-6C07-491E-873C-46ECB8E2C799}
	EndGlobalSection
EndGlobal
